
Microsoft Visual Studio Solution File, Format Version 12.00
# Visual Studio Version 16
VisualStudioVersion = 16.0.30907.101
MinimumVisualStudioVersion = 10.0.40219.1
Project("{2150E333-8FDC-42A3-9474-1A3956D46DE8}") = "Sandbox", "Sandbox", "{9003527C-5B4F-48DB-8946-E6E6773B2EDF}"
EndProject
Project("{9A19103F-16F7-4668-BE54-9A1E7A4F7556}") = "AlloyMvcTemplates", "sandbox\Episerver\Alloy\AlloyMvcTemplates.csproj", "{16D27298-E5A4-4B63-936F-2602C937DCE1}"
EndProject
Project("{9A19103F-16F7-4668-BE54-9A1E7A4F7556}") = "Geta.SEO.Sitemaps", "src\Geta.SEO.Sitemaps\Geta.SEO.Sitemaps.csproj", "{03B8E879-8D51-4CFF-BCC3-CF2325BC5396}"
EndProject
Global
	GlobalSection(SolutionConfigurationPlatforms) = preSolution
		Debug|Any CPU = Debug|Any CPU
		Release|Any CPU = Release|Any CPU
	EndGlobalSection
	GlobalSection(ProjectConfigurationPlatforms) = postSolution
		{16D27298-E5A4-4B63-936F-2602C937DCE1}.Debug|Any CPU.ActiveCfg = Debug|Any CPU
		{16D27298-E5A4-4B63-936F-2602C937DCE1}.Debug|Any CPU.Build.0 = Debug|Any CPU
		{16D27298-E5A4-4B63-936F-2602C937DCE1}.Release|Any CPU.ActiveCfg = Release|Any CPU
		{16D27298-E5A4-4B63-936F-2602C937DCE1}.Release|Any CPU.Build.0 = Release|Any CPU
		{03B8E879-8D51-4CFF-BCC3-CF2325BC5396}.Debug|Any CPU.ActiveCfg = Debug|Any CPU
		{03B8E879-8D51-4CFF-BCC3-CF2325BC5396}.Debug|Any CPU.Build.0 = Debug|Any CPU
		{03B8E879-8D51-4CFF-BCC3-CF2325BC5396}.Release|Any CPU.ActiveCfg = Release|Any CPU
		{03B8E879-8D51-4CFF-BCC3-CF2325BC5396}.Release|Any CPU.Build.0 = Release|Any CPU
	EndGlobalSection
	GlobalSection(SolutionProperties) = preSolution
		HideSolutionNode = FALSE
	EndGlobalSection
	GlobalSection(NestedProjects) = preSolution
		{16D27298-E5A4-4B63-936F-2602C937DCE1} = {9003527C-5B4F-48DB-8946-E6E6773B2EDF}
	EndGlobalSection
	GlobalSection(ExtensibilityGlobals) = postSolution
		SolutionGuid = {B7726B88-56CE-4817-8E7C-0EC0B74F1431}
	EndGlobalSection
EndGlobal
