
Microsoft Visual Studio Solution File, Format Version 12.00
# Visual Studio Version 16
VisualStudioVersion = 16.0.30907.101
MinimumVisualStudioVersion = 10.0.40219.1
Project("{2150E333-8FDC-42A3-9474-1A3956D46DE8}") = "Sandbox", "Sandbox", "{9003527C-5B4F-48DB-8946-E6E6773B2EDF}"
EndProject
Project("{9A19103F-16F7-4668-BE54-9A1E7A4F7556}") = "Geta.Optimizely.Sitemaps", "src\Geta.Optimizely.Sitemaps\Geta.Optimizely.Sitemaps.csproj", "{A56D25DD-73FB-4754-B054-C5CD9B52804F}"
EndProject
Project("{9A19103F-16F7-4668-BE54-9A1E7A4F7556}") = "Geta.Optimizely.Sitemaps.Commerce", "src\Geta.Optimizely.Sitemaps.Commerce\Geta.Optimizely.Sitemaps.Commerce.csproj", "{39B5430D-35AF-4413-980B-1CE51B367DC7}"
EndProject
Project("{FAE04EC0-301F-11D3-BF4B-00C04F79EFBC}") = "Foundation", "sandbox\geta-packages-foundation-sandbox\src\Foundation\Foundation.csproj", "{EBAB825F-1667-454F-B83E-A6ED2183F286}"
EndProject
Project("{FAE04EC0-301F-11D3-BF4B-00C04F79EFBC}") = "Foundation.AppHost", "sandbox\geta-packages-foundation-sandbox\src\Foundation.AppHost\Foundation.AppHost.csproj", "{1A640521-47F0-4A5F-B9B0-6FEE4D7FE328}"
EndProject
Project("{FAE04EC0-301F-11D3-BF4B-00C04F79EFBC}") = "Geta.Optimizely.Sitemaps.Web", "src\Geta.Optimizely.Sitemaps.Web\Geta.Optimizely.Sitemaps.Web.csproj", "{BC1505B5-8016-430F-9CD6-9898C84CFFC3}"
EndProject
Global
	GlobalSection(SolutionConfigurationPlatforms) = preSolution
		Debug|Any CPU = Debug|Any CPU
		Release|Any CPU = Release|Any CPU
	EndGlobalSection
	GlobalSection(ProjectConfigurationPlatforms) = postSolution
		{A56D25DD-73FB-4754-B054-C5CD9B52804F}.Debug|Any CPU.ActiveCfg = Debug|Any CPU
		{A56D25DD-73FB-4754-B054-C5CD9B52804F}.Debug|Any CPU.Build.0 = Debug|Any CPU
		{A56D25DD-73FB-4754-B054-C5CD9B52804F}.Release|Any CPU.ActiveCfg = Release|Any CPU
		{A56D25DD-73FB-4754-B054-C5CD9B52804F}.Release|Any CPU.Build.0 = Release|Any CPU
		{39B5430D-35AF-4413-980B-1CE51B367DC7}.Debug|Any CPU.ActiveCfg = Debug|Any CPU
		{39B5430D-35AF-4413-980B-1CE51B367DC7}.Debug|Any CPU.Build.0 = Debug|Any CPU
		{39B5430D-35AF-4413-980B-1CE51B367DC7}.Release|Any CPU.ActiveCfg = Release|Any CPU
		{39B5430D-35AF-4413-980B-1CE51B367DC7}.Release|Any CPU.Build.0 = Release|Any CPU
		{EBAB825F-1667-454F-B83E-A6ED2183F286}.Debug|Any CPU.ActiveCfg = Debug|Any CPU
		{EBAB825F-1667-454F-B83E-A6ED2183F286}.Debug|Any CPU.Build.0 = Debug|Any CPU
		{EBAB825F-1667-454F-B83E-A6ED2183F286}.Release|Any CPU.ActiveCfg = Release|Any CPU
		{EBAB825F-1667-454F-B83E-A6ED2183F286}.Release|Any CPU.Build.0 = Release|Any CPU
		{1A640521-47F0-4A5F-B9B0-6FEE4D7FE328}.Debug|Any CPU.ActiveCfg = Debug|Any CPU
		{1A640521-47F0-4A5F-B9B0-6FEE4D7FE328}.Debug|Any CPU.Build.0 = Debug|Any CPU
		{1A640521-47F0-4A5F-B9B0-6FEE4D7FE328}.Release|Any CPU.ActiveCfg = Release|Any CPU
		{1A640521-47F0-4A5F-B9B0-6FEE4D7FE328}.Release|Any CPU.Build.0 = Release|Any CPU
		{BC1505B5-8016-430F-9CD6-9898C84CFFC3}.Debug|Any CPU.ActiveCfg = Debug|Any CPU
		{BC1505B5-8016-430F-9CD6-9898C84CFFC3}.Debug|Any CPU.Build.0 = Debug|Any CPU
		{BC1505B5-8016-430F-9CD6-9898C84CFFC3}.Release|Any CPU.ActiveCfg = Release|Any CPU
		{BC1505B5-8016-430F-9CD6-9898C84CFFC3}.Release|Any CPU.Build.0 = Release|Any CPU
	EndGlobalSection
	GlobalSection(SolutionProperties) = preSolution
		HideSolutionNode = FALSE
	EndGlobalSection
	GlobalSection(NestedProjects) = preSolution
		{EBAB825F-1667-454F-B83E-A6ED2183F286} = {9003527C-5B4F-48DB-8946-E6E6773B2EDF}
		{1A640521-47F0-4A5F-B9B0-6FEE4D7FE328} = {9003527C-5B4F-48DB-8946-E6E6773B2EDF}
	EndGlobalSection
	GlobalSection(ExtensibilityGlobals) = postSolution
		SolutionGuid = {B7726B88-56CE-4817-8E7C-0EC0B74F1431}
	EndGlobalSection
EndGlobal
