
Microsoft Visual Studio Solution File, Format Version 12.00
# Visual Studio Version 16
VisualStudioVersion = 16.0.30907.101
MinimumVisualStudioVersion = 10.0.40219.1
Project("{2150E333-8FDC-42A3-9474-1A3956D46DE8}") = "Sandbox", "Sandbox", "{9003527C-5B4F-48DB-8946-E6E6773B2EDF}"
EndProject
Project("{9A19103F-16F7-4668-BE54-9A1E7A4F7556}") = "Geta.Optimizely.Sitemaps", "src\Geta.Optimizely.Sitemaps\Geta.Optimizely.Sitemaps.csproj", "{A56D25DD-73FB-4754-B054-C5CD9B52804F}"
EndProject
Project("{FAE04EC0-301F-11D3-BF4B-00C04F79EFBC}") = "Geta.Optimizely.Sitemaps.Commerce", "src\Geta.Optimizely.Sitemaps.Commerce\Geta.Optimizely.Sitemaps.Commerce.csproj", "{39B5430D-35AF-4413-980B-1CE51B367DC7}"
EndProject
Project("{FAE04EC0-301F-11D3-BF4B-00C04F79EFBC}") = "Foundation", "sandbox\Foundation\src\Foundation\Foundation.csproj", "{82A14BA5-4A85-4DC3-833E-37EBC47BB891}"
EndProject
Global
	GlobalSection(SolutionConfigurationPlatforms) = preSolution
		Debug|Any CPU = Debug|Any CPU
		Release|Any CPU = Release|Any CPU
	EndGlobalSection
	GlobalSection(ProjectConfigurationPlatforms) = postSolution
		{A56D25DD-73FB-4754-B054-C5CD9B52804F}.Debug|Any CPU.ActiveCfg = Debug|Any CPU
		{A56D25DD-73FB-4754-B054-C5CD9B52804F}.Debug|Any CPU.Build.0 = Debug|Any CPU
		{A56D25DD-73FB-4754-B054-C5CD9B52804F}.Release|Any CPU.ActiveCfg = Release|Any CPU
		{A56D25DD-73FB-4754-B054-C5CD9B52804F}.Release|Any CPU.Build.0 = Release|Any CPU
		{39B5430D-35AF-4413-980B-1CE51B367DC7}.Debug|Any CPU.ActiveCfg = Debug|Any CPU
		{39B5430D-35AF-4413-980B-1CE51B367DC7}.Debug|Any CPU.Build.0 = Debug|Any CPU
		{39B5430D-35AF-4413-980B-1CE51B367DC7}.Release|Any CPU.ActiveCfg = Release|Any CPU
		{39B5430D-35AF-4413-980B-1CE51B367DC7}.Release|Any CPU.Build.0 = Release|Any CPU
		{82A14BA5-4A85-4DC3-833E-37EBC47BB891}.Debug|Any CPU.ActiveCfg = Debug|Any CPU
		{82A14BA5-4A85-4DC3-833E-37EBC47BB891}.Debug|Any CPU.Build.0 = Debug|Any CPU
		{82A14BA5-4A85-4DC3-833E-37EBC47BB891}.Release|Any CPU.ActiveCfg = Release|Any CPU
		{82A14BA5-4A85-4DC3-833E-37EBC47BB891}.Release|Any CPU.Build.0 = Release|Any CPU
	EndGlobalSection
	GlobalSection(SolutionProperties) = preSolution
		HideSolutionNode = FALSE
	EndGlobalSection
	GlobalSection(NestedProjects) = preSolution
		{82A14BA5-4A85-4DC3-833E-37EBC47BB891} = {9003527C-5B4F-48DB-8946-E6E6773B2EDF}
	EndGlobalSection
	GlobalSection(ExtensibilityGlobals) = postSolution
		SolutionGuid = {B7726B88-56CE-4817-8E7C-0EC0B74F1431}
	EndGlobalSection
EndGlobal
